// !$*UTF8*$!
{
	archiveVersion = 1;
	classes = {
	};
	objectVersion = 46;
	objects = {

/* Begin PBXBuildFile section */
		BE21705519862B0F00D0A232 /* NimbusBase_iOS_Tutorial.xcdatamodeld in Sources */ = {isa = PBXBuildFile; fileRef = BE21705319862B0F00D0A232 /* NimbusBase_iOS_Tutorial.xcdatamodeld */; };
		BE21708C1986372200D0A232 /* NMTPlaygroundImagePickerController.m in Sources */ = {isa = PBXBuildFile; fileRef = BE21708B1986372200D0A232 /* NMTPlaygroundImagePickerController.m */; };
		BE2170A11986377100D0A232 /* NCUAttributeViewCell.m in Sources */ = {isa = PBXBuildFile; fileRef = BE2170901986377100D0A232 /* NCUAttributeViewCell.m */; };
		BE2170A21986377100D0A232 /* NCUController.m in Sources */ = {isa = PBXBuildFile; fileRef = BE2170921986377100D0A232 /* NCUController.m */; };
		BE2170A31986377100D0A232 /* NCUEntityViewController.m in Sources */ = {isa = PBXBuildFile; fileRef = BE2170941986377100D0A232 /* NCUEntityViewController.m */; };
		BE2170A41986377100D0A232 /* NCUModelViewController.m in Sources */ = {isa = PBXBuildFile; fileRef = BE2170961986377100D0A232 /* NCUModelViewController.m */; };
		BE2170A51986377100D0A232 /* NCUObjectCreatorViewController.m in Sources */ = {isa = PBXBuildFile; fileRef = BE2170981986377100D0A232 /* NCUObjectCreatorViewController.m */; };
		BE2170A61986377100D0A232 /* NCUObjectPickerViewController.m in Sources */ = {isa = PBXBuildFile; fileRef = BE21709A1986377100D0A232 /* NCUObjectPickerViewController.m */; };
		BE2170A71986377100D0A232 /* NCUObjectViewController.m in Sources */ = {isa = PBXBuildFile; fileRef = BE21709C1986377100D0A232 /* NCUObjectViewController.m */; };
		BE2170A81986377100D0A232 /* NSManagedObject+NCU.m in Sources */ = {isa = PBXBuildFile; fileRef = BE21709E1986377100D0A232 /* NSManagedObject+NCU.m */; };
		BE2170A91986377100D0A232 /* NSPropertyDescription+NCU.m in Sources */ = {isa = PBXBuildFile; fileRef = BE2170A01986377100D0A232 /* NSPropertyDescription+NCU.m */; };
		BE3F87A819D29C27003F8B3B /* NSArray+Quick.m in Sources */ = {isa = PBXBuildFile; fileRef = BE3F87A719D29C27003F8B3B /* NSArray+Quick.m */; };
		BE3F87AB19D29FB6003F8B3B /* NSUserDefaults+NIT.m in Sources */ = {isa = PBXBuildFile; fileRef = BE3F87AA19D29FB6003F8B3B /* NSUserDefaults+NIT.m */; };
		BE3F87AF19D2B9EE003F8B3B /* UIAlertView+Quick.m in Sources */ = {isa = PBXBuildFile; fileRef = BE3F87AE19D2B9EE003F8B3B /* UIAlertView+Quick.m */; };
		BEA9FE8A19D3FC2C0011C24C /* NSManagedObjectContext+Quick.m in Sources */ = {isa = PBXBuildFile; fileRef = BEA9FE8919D3FC2C0011C24C /* NSManagedObjectContext+Quick.m */; };
		BEAC203A18A385AF00BBC60E /* Foundation.framework in Frameworks */ = {isa = PBXBuildFile; fileRef = BEAC203918A385AF00BBC60E /* Foundation.framework */; };
		BEAC203C18A385AF00BBC60E /* CoreGraphics.framework in Frameworks */ = {isa = PBXBuildFile; fileRef = BEAC203B18A385AF00BBC60E /* CoreGraphics.framework */; };
		BEAC203E18A385AF00BBC60E /* UIKit.framework in Frameworks */ = {isa = PBXBuildFile; fileRef = BEAC203D18A385AF00BBC60E /* UIKit.framework */; };
		BEAC204018A385AF00BBC60E /* CoreData.framework in Frameworks */ = {isa = PBXBuildFile; fileRef = BEAC203F18A385AF00BBC60E /* CoreData.framework */; };
		BEAC204618A385AF00BBC60E /* InfoPlist.strings in Resources */ = {isa = PBXBuildFile; fileRef = BEAC204418A385AF00BBC60E /* InfoPlist.strings */; };
		BEAC204818A385AF00BBC60E /* main.m in Sources */ = {isa = PBXBuildFile; fileRef = BEAC204718A385AF00BBC60E /* main.m */; };
		BEAC204C18A385AF00BBC60E /* NITAppDelegate.m in Sources */ = {isa = PBXBuildFile; fileRef = BEAC204B18A385AF00BBC60E /* NITAppDelegate.m */; };
		BEAC205118A385AF00BBC60E /* Images.xcassets in Resources */ = {isa = PBXBuildFile; fileRef = BEAC205018A385AF00BBC60E /* Images.xcassets */; };
		BEAC205818A385AF00BBC60E /* XCTest.framework in Frameworks */ = {isa = PBXBuildFile; fileRef = BEAC205718A385AF00BBC60E /* XCTest.framework */; };
		BEAC205918A385AF00BBC60E /* Foundation.framework in Frameworks */ = {isa = PBXBuildFile; fileRef = BEAC203918A385AF00BBC60E /* Foundation.framework */; };
		BEAC205A18A385AF00BBC60E /* UIKit.framework in Frameworks */ = {isa = PBXBuildFile; fileRef = BEAC203D18A385AF00BBC60E /* UIKit.framework */; };
		BEAC205B18A385AF00BBC60E /* CoreData.framework in Frameworks */ = {isa = PBXBuildFile; fileRef = BEAC203F18A385AF00BBC60E /* CoreData.framework */; };
		BEAC206318A385AF00BBC60E /* InfoPlist.strings in Resources */ = {isa = PBXBuildFile; fileRef = BEAC206118A385AF00BBC60E /* InfoPlist.strings */; };
		BEAC206518A385AF00BBC60E /* NimbusBase_iOS_TutorialTests.m in Sources */ = {isa = PBXBuildFile; fileRef = BEAC206418A385AF00BBC60E /* NimbusBase_iOS_TutorialTests.m */; };
		BEAC209018A38B6900BBC60E /* MobileCoreServices.framework in Frameworks */ = {isa = PBXBuildFile; fileRef = BEAC208F18A38B6900BBC60E /* MobileCoreServices.framework */; };
		BEAC209218A38B7500BBC60E /* QuartzCore.framework in Frameworks */ = {isa = PBXBuildFile; fileRef = BEAC209118A38B7500BBC60E /* QuartzCore.framework */; };
		BEAC209418A38B8000BBC60E /* Security.framework in Frameworks */ = {isa = PBXBuildFile; fileRef = BEAC209318A38B8000BBC60E /* Security.framework */; };
		BEAC209618A38B8A00BBC60E /* SystemConfiguration.framework in Frameworks */ = {isa = PBXBuildFile; fileRef = BEAC209518A38B8A00BBC60E /* SystemConfiguration.framework */; };
		BEAC20CE18A391C400BBC60E /* libNimbusBase.a in Frameworks */ = {isa = PBXBuildFile; fileRef = BEAC20CB18A391C400BBC60E /* libNimbusBase.a */; };
		BEAC20CF18A391C400BBC60E /* NimbusBaseResources.bundle in Resources */ = {isa = PBXBuildFile; fileRef = BEAC20CD18A391C400BBC60E /* NimbusBaseResources.bundle */; };
		BEB4406C18A4827A00CF839A /* NITBaseViewController.m in Sources */ = {isa = PBXBuildFile; fileRef = BEB4406B18A4827A00CF839A /* NITBaseViewController.m */; };
		BEB4407418A4832B00CF839A /* NMBServer+NIT.m in Sources */ = {isa = PBXBuildFile; fileRef = BEB4406F18A4832B00CF839A /* NMBServer+NIT.m */; };
		BEB4407518A4832B00CF839A /* NITServerCell.m in Sources */ = {isa = PBXBuildFile; fileRef = BEB4407118A4832B00CF839A /* NITServerCell.m */; };
		BEB4407618A4832B00CF839A /* NITServerViewController.m in Sources */ = {isa = PBXBuildFile; fileRef = BEB4407318A4832B00CF839A /* NITServerViewController.m */; };
		BEB4408018A4840800CF839A /* NITFolderViewController.m in Sources */ = {isa = PBXBuildFile; fileRef = BEB4407B18A4840800CF839A /* NITFolderViewController.m */; };
		BEB4408118A4840800CF839A /* NITFileViewController.m in Sources */ = {isa = PBXBuildFile; fileRef = BEB4407D18A4840800CF839A /* NITFileViewController.m */; };
		BEB4408218A4840800CF839A /* NITImageViewController.m in Sources */ = {isa = PBXBuildFile; fileRef = BEB4407F18A4840800CF839A /* NITImageViewController.m */; };
		BEB4408518A4878100CF839A /* UIImagePickerController+Picker.m in Sources */ = {isa = PBXBuildFile; fileRef = BEB4408418A4878100CF839A /* UIImagePickerController+Picker.m */; };
		BEB4408818A4888E00CF839A /* NITFileCell.m in Sources */ = {isa = PBXBuildFile; fileRef = BEB4408718A4888E00CF839A /* NITFileCell.m */; };
		BEB4408B18A48A9300CF839A /* UIView+AutoLayout.m in Sources */ = {isa = PBXBuildFile; fileRef = BEB4408A18A48A9300CF839A /* UIView+AutoLayout.m */; };
		BEB4408F18A48C7700CF839A /* UITableView+Quick.m in Sources */ = {isa = PBXBuildFile; fileRef = BEB4408E18A48C7700CF839A /* UITableView+Quick.m */; };
/* End PBXBuildFile section */

/* Begin PBXContainerItemProxy section */
		BEAC205C18A385AF00BBC60E /* PBXContainerItemProxy */ = {
			isa = PBXContainerItemProxy;
			containerPortal = BEAC202E18A385AE00BBC60E /* Project object */;
			proxyType = 1;
			remoteGlobalIDString = BEAC203518A385AE00BBC60E;
			remoteInfo = NimbusBase_iOS_Tutorial;
		};
/* End PBXContainerItemProxy section */

/* Begin PBXFileReference section */
		BE21705419862B0F00D0A232 /* NimbusTester.xcdatamodel */ = {isa = PBXFileReference; lastKnownFileType = wrapper.xcdatamodel; path = NimbusTester.xcdatamodel; sourceTree = "<group>"; };
		BE21708A1986372200D0A232 /* NMTPlaygroundImagePickerController.h */ = {isa = PBXFileReference; fileEncoding = 4; lastKnownFileType = sourcecode.c.h; path = NMTPlaygroundImagePickerController.h; sourceTree = "<group>"; };
		BE21708B1986372200D0A232 /* NMTPlaygroundImagePickerController.m */ = {isa = PBXFileReference; fileEncoding = 4; lastKnownFileType = sourcecode.c.objc; path = NMTPlaygroundImagePickerController.m; sourceTree = "<group>"; };
		BE21708F1986377100D0A232 /* NCUAttributeViewCell.h */ = {isa = PBXFileReference; fileEncoding = 4; lastKnownFileType = sourcecode.c.h; path = NCUAttributeViewCell.h; sourceTree = "<group>"; };
		BE2170901986377100D0A232 /* NCUAttributeViewCell.m */ = {isa = PBXFileReference; fileEncoding = 4; lastKnownFileType = sourcecode.c.objc; path = NCUAttributeViewCell.m; sourceTree = "<group>"; };
		BE2170911986377100D0A232 /* NCUController.h */ = {isa = PBXFileReference; fileEncoding = 4; lastKnownFileType = sourcecode.c.h; path = NCUController.h; sourceTree = "<group>"; };
		BE2170921986377100D0A232 /* NCUController.m */ = {isa = PBXFileReference; fileEncoding = 4; lastKnownFileType = sourcecode.c.objc; path = NCUController.m; sourceTree = "<group>"; };
		BE2170931986377100D0A232 /* NCUEntityViewController.h */ = {isa = PBXFileReference; fileEncoding = 4; lastKnownFileType = sourcecode.c.h; path = NCUEntityViewController.h; sourceTree = "<group>"; };
		BE2170941986377100D0A232 /* NCUEntityViewController.m */ = {isa = PBXFileReference; fileEncoding = 4; lastKnownFileType = sourcecode.c.objc; path = NCUEntityViewController.m; sourceTree = "<group>"; };
		BE2170951986377100D0A232 /* NCUModelViewController.h */ = {isa = PBXFileReference; fileEncoding = 4; lastKnownFileType = sourcecode.c.h; path = NCUModelViewController.h; sourceTree = "<group>"; };
		BE2170961986377100D0A232 /* NCUModelViewController.m */ = {isa = PBXFileReference; fileEncoding = 4; lastKnownFileType = sourcecode.c.objc; path = NCUModelViewController.m; sourceTree = "<group>"; };
		BE2170971986377100D0A232 /* NCUObjectCreatorViewController.h */ = {isa = PBXFileReference; fileEncoding = 4; lastKnownFileType = sourcecode.c.h; path = NCUObjectCreatorViewController.h; sourceTree = "<group>"; };
		BE2170981986377100D0A232 /* NCUObjectCreatorViewController.m */ = {isa = PBXFileReference; fileEncoding = 4; lastKnownFileType = sourcecode.c.objc; path = NCUObjectCreatorViewController.m; sourceTree = "<group>"; };
		BE2170991986377100D0A232 /* NCUObjectPickerViewController.h */ = {isa = PBXFileReference; fileEncoding = 4; lastKnownFileType = sourcecode.c.h; path = NCUObjectPickerViewController.h; sourceTree = "<group>"; };
		BE21709A1986377100D0A232 /* NCUObjectPickerViewController.m */ = {isa = PBXFileReference; fileEncoding = 4; lastKnownFileType = sourcecode.c.objc; path = NCUObjectPickerViewController.m; sourceTree = "<group>"; };
		BE21709B1986377100D0A232 /* NCUObjectViewController.h */ = {isa = PBXFileReference; fileEncoding = 4; lastKnownFileType = sourcecode.c.h; path = NCUObjectViewController.h; sourceTree = "<group>"; };
		BE21709C1986377100D0A232 /* NCUObjectViewController.m */ = {isa = PBXFileReference; fileEncoding = 4; lastKnownFileType = sourcecode.c.objc; path = NCUObjectViewController.m; sourceTree = "<group>"; };
		BE21709D1986377100D0A232 /* NSManagedObject+NCU.h */ = {isa = PBXFileReference; fileEncoding = 4; lastKnownFileType = sourcecode.c.h; path = "NSManagedObject+NCU.h"; sourceTree = "<group>"; };
		BE21709E1986377100D0A232 /* NSManagedObject+NCU.m */ = {isa = PBXFileReference; fileEncoding = 4; lastKnownFileType = sourcecode.c.objc; path = "NSManagedObject+NCU.m"; sourceTree = "<group>"; };
		BE21709F1986377100D0A232 /* NSPropertyDescription+NCU.h */ = {isa = PBXFileReference; fileEncoding = 4; lastKnownFileType = sourcecode.c.h; path = "NSPropertyDescription+NCU.h"; sourceTree = "<group>"; };
		BE2170A01986377100D0A232 /* NSPropertyDescription+NCU.m */ = {isa = PBXFileReference; fileEncoding = 4; lastKnownFileType = sourcecode.c.objc; path = "NSPropertyDescription+NCU.m"; sourceTree = "<group>"; };
		BE3F87A619D29C27003F8B3B /* NSArray+Quick.h */ = {isa = PBXFileReference; fileEncoding = 4; lastKnownFileType = sourcecode.c.h; path = "NSArray+Quick.h"; sourceTree = "<group>"; };
		BE3F87A719D29C27003F8B3B /* NSArray+Quick.m */ = {isa = PBXFileReference; fileEncoding = 4; lastKnownFileType = sourcecode.c.objc; path = "NSArray+Quick.m"; sourceTree = "<group>"; };
		BE3F87A919D29FB6003F8B3B /* NSUserDefaults+NIT.h */ = {isa = PBXFileReference; fileEncoding = 4; lastKnownFileType = sourcecode.c.h; path = "NSUserDefaults+NIT.h"; sourceTree = "<group>"; };
		BE3F87AA19D29FB6003F8B3B /* NSUserDefaults+NIT.m */ = {isa = PBXFileReference; fileEncoding = 4; lastKnownFileType = sourcecode.c.objc; path = "NSUserDefaults+NIT.m"; sourceTree = "<group>"; };
		BE3F87AC19D2AAD9003F8B3B /* NimbusBase_iOS_Tutorial.entitlements */ = {isa = PBXFileReference; lastKnownFileType = text.xml; path = NimbusBase_iOS_Tutorial.entitlements; sourceTree = "<group>"; };
		BE3F87AD19D2B9EE003F8B3B /* UIAlertView+Quick.h */ = {isa = PBXFileReference; fileEncoding = 4; lastKnownFileType = sourcecode.c.h; path = "UIAlertView+Quick.h"; sourceTree = "<group>"; };
		BE3F87AE19D2B9EE003F8B3B /* UIAlertView+Quick.m */ = {isa = PBXFileReference; fileEncoding = 4; lastKnownFileType = sourcecode.c.objc; path = "UIAlertView+Quick.m"; sourceTree = "<group>"; };
		BE4ACF7619497B0900DF060B /* NMBSerializer.h */ = {isa = PBXFileReference; fileEncoding = 4; lastKnownFileType = sourcecode.c.h; path = NMBSerializer.h; sourceTree = "<group>"; };
		BE4ACF7719497B0900DF060B /* NMBServer+Sync.h */ = {isa = PBXFileReference; fileEncoding = 4; lastKnownFileType = sourcecode.c.h; path = "NMBServer+Sync.h"; sourceTree = "<group>"; };
		BE85B2BB19D19EF800CC49C7 /* NMBFolderController.h */ = {isa = PBXFileReference; fileEncoding = 4; lastKnownFileType = sourcecode.c.h; path = NMBFolderController.h; sourceTree = "<group>"; };
		BE85B2BC19D19EF800CC49C7 /* NMBModelMapper.h */ = {isa = PBXFileReference; fileEncoding = 4; lastKnownFileType = sourcecode.c.h; path = NMBModelMapper.h; sourceTree = "<group>"; };
		BE85B2BD19D19EF800CC49C7 /* NMBResponse.h */ = {isa = PBXFileReference; fileEncoding = 4; lastKnownFileType = sourcecode.c.h; path = NMBResponse.h; sourceTree = "<group>"; };
		BE85B2BE19D19EF800CC49C7 /* NSPersistentStoreCoordinator+NMB.h */ = {isa = PBXFileReference; fileEncoding = 4; lastKnownFileType = sourcecode.c.h; path = "NSPersistentStoreCoordinator+NMB.h"; sourceTree = "<group>"; };
		BE85B2BF19D1A0BC00CC49C7 /* NMBCallback.h */ = {isa = PBXFileReference; fileEncoding = 4; lastKnownFileType = sourcecode.c.h; path = NMBCallback.h; sourceTree = "<group>"; };
		BEA9FE8819D3FC2C0011C24C /* NSManagedObjectContext+Quick.h */ = {isa = PBXFileReference; fileEncoding = 4; lastKnownFileType = sourcecode.c.h; path = "NSManagedObjectContext+Quick.h"; sourceTree = "<group>"; };
		BEA9FE8919D3FC2C0011C24C /* NSManagedObjectContext+Quick.m */ = {isa = PBXFileReference; fileEncoding = 4; lastKnownFileType = sourcecode.c.objc; path = "NSManagedObjectContext+Quick.m"; sourceTree = "<group>"; };
		BEAC203618A385AE00BBC60E /* NimbusBase_iOS_Tutorial.app */ = {isa = PBXFileReference; explicitFileType = wrapper.application; includeInIndex = 0; path = NimbusBase_iOS_Tutorial.app; sourceTree = BUILT_PRODUCTS_DIR; };
		BEAC203918A385AF00BBC60E /* Foundation.framework */ = {isa = PBXFileReference; lastKnownFileType = wrapper.framework; name = Foundation.framework; path = System/Library/Frameworks/Foundation.framework; sourceTree = SDKROOT; };
		BEAC203B18A385AF00BBC60E /* CoreGraphics.framework */ = {isa = PBXFileReference; lastKnownFileType = wrapper.framework; name = CoreGraphics.framework; path = System/Library/Frameworks/CoreGraphics.framework; sourceTree = SDKROOT; };
		BEAC203D18A385AF00BBC60E /* UIKit.framework */ = {isa = PBXFileReference; lastKnownFileType = wrapper.framework; name = UIKit.framework; path = System/Library/Frameworks/UIKit.framework; sourceTree = SDKROOT; };
		BEAC203F18A385AF00BBC60E /* CoreData.framework */ = {isa = PBXFileReference; lastKnownFileType = wrapper.framework; name = CoreData.framework; path = System/Library/Frameworks/CoreData.framework; sourceTree = SDKROOT; };
		BEAC204318A385AF00BBC60E /* NimbusBase_iOS_Tutorial-Info.plist */ = {isa = PBXFileReference; lastKnownFileType = text.plist.xml; path = "NimbusBase_iOS_Tutorial-Info.plist"; sourceTree = "<group>"; };
		BEAC204518A385AF00BBC60E /* en */ = {isa = PBXFileReference; lastKnownFileType = text.plist.strings; name = en; path = en.lproj/InfoPlist.strings; sourceTree = "<group>"; };
		BEAC204718A385AF00BBC60E /* main.m */ = {isa = PBXFileReference; lastKnownFileType = sourcecode.c.objc; path = main.m; sourceTree = "<group>"; };
		BEAC204918A385AF00BBC60E /* NimbusBase_iOS_Tutorial-Prefix.pch */ = {isa = PBXFileReference; lastKnownFileType = sourcecode.c.h; path = "NimbusBase_iOS_Tutorial-Prefix.pch"; sourceTree = "<group>"; };
		BEAC204A18A385AF00BBC60E /* NITAppDelegate.h */ = {isa = PBXFileReference; lastKnownFileType = sourcecode.c.h; path = NITAppDelegate.h; sourceTree = "<group>"; };
		BEAC204B18A385AF00BBC60E /* NITAppDelegate.m */ = {isa = PBXFileReference; lastKnownFileType = sourcecode.c.objc; path = NITAppDelegate.m; sourceTree = "<group>"; };
		BEAC205018A385AF00BBC60E /* Images.xcassets */ = {isa = PBXFileReference; lastKnownFileType = folder.assetcatalog; path = Images.xcassets; sourceTree = "<group>"; };
		BEAC205618A385AF00BBC60E /* NimbusBase_iOS_TutorialTests.xctest */ = {isa = PBXFileReference; explicitFileType = wrapper.cfbundle; includeInIndex = 0; path = NimbusBase_iOS_TutorialTests.xctest; sourceTree = BUILT_PRODUCTS_DIR; };
		BEAC205718A385AF00BBC60E /* XCTest.framework */ = {isa = PBXFileReference; lastKnownFileType = wrapper.framework; name = XCTest.framework; path = Library/Frameworks/XCTest.framework; sourceTree = DEVELOPER_DIR; };
		BEAC206018A385AF00BBC60E /* NimbusBase_iOS_TutorialTests-Info.plist */ = {isa = PBXFileReference; lastKnownFileType = text.plist.xml; path = "NimbusBase_iOS_TutorialTests-Info.plist"; sourceTree = "<group>"; };
		BEAC206218A385AF00BBC60E /* en */ = {isa = PBXFileReference; lastKnownFileType = text.plist.strings; name = en; path = en.lproj/InfoPlist.strings; sourceTree = "<group>"; };
		BEAC206418A385AF00BBC60E /* NimbusBase_iOS_TutorialTests.m */ = {isa = PBXFileReference; lastKnownFileType = sourcecode.c.objc; path = NimbusBase_iOS_TutorialTests.m; sourceTree = "<group>"; };
		BEAC208F18A38B6900BBC60E /* MobileCoreServices.framework */ = {isa = PBXFileReference; lastKnownFileType = wrapper.framework; name = MobileCoreServices.framework; path = System/Library/Frameworks/MobileCoreServices.framework; sourceTree = SDKROOT; };
		BEAC209118A38B7500BBC60E /* QuartzCore.framework */ = {isa = PBXFileReference; lastKnownFileType = wrapper.framework; name = QuartzCore.framework; path = System/Library/Frameworks/QuartzCore.framework; sourceTree = SDKROOT; };
		BEAC209318A38B8000BBC60E /* Security.framework */ = {isa = PBXFileReference; lastKnownFileType = wrapper.framework; name = Security.framework; path = System/Library/Frameworks/Security.framework; sourceTree = SDKROOT; };
		BEAC209518A38B8A00BBC60E /* SystemConfiguration.framework */ = {isa = PBXFileReference; lastKnownFileType = wrapper.framework; name = SystemConfiguration.framework; path = System/Library/Frameworks/SystemConfiguration.framework; sourceTree = SDKROOT; };
		BEAC20BE18A391C400BBC60E /* NimbusBase.h */ = {isa = PBXFileReference; fileEncoding = 4; lastKnownFileType = sourcecode.c.h; path = NimbusBase.h; sourceTree = "<group>"; };
		BEAC20BF18A391C400BBC60E /* NMBase.h */ = {isa = PBXFileReference; fileEncoding = 4; lastKnownFileType = sourcecode.c.h; path = NMBase.h; sourceTree = "<group>"; };
		BEAC20C018A391C400BBC60E /* NMBConfigs.h */ = {isa = PBXFileReference; fileEncoding = 4; lastKnownFileType = sourcecode.c.h; path = NMBConfigs.h; sourceTree = "<group>"; };
		BEAC20C218A391C400BBC60E /* NMBConstants.h */ = {isa = PBXFileReference; fileEncoding = 4; lastKnownFileType = sourcecode.c.h; path = NMBConstants.h; sourceTree = "<group>"; };
		BEAC20C318A391C400BBC60E /* NMBFile.h */ = {isa = PBXFileReference; fileEncoding = 4; lastKnownFileType = sourcecode.c.h; path = NMBFile.h; sourceTree = "<group>"; };
		BEAC20C418A391C400BBC60E /* NMBFileForm.h */ = {isa = PBXFileReference; fileEncoding = 4; lastKnownFileType = sourcecode.c.h; path = NMBFileForm.h; sourceTree = "<group>"; };
		BEAC20C518A391C400BBC60E /* NMBNotificationCenter.h */ = {isa = PBXFileReference; fileEncoding = 4; lastKnownFileType = sourcecode.c.h; path = NMBNotificationCenter.h; sourceTree = "<group>"; };
		BEAC20C718A391C400BBC60E /* NMBPromise.h */ = {isa = PBXFileReference; fileEncoding = 4; lastKnownFileType = sourcecode.c.h; path = NMBPromise.h; sourceTree = "<group>"; };
		BEAC20C818A391C400BBC60E /* NMBServer+Auth.h */ = {isa = PBXFileReference; fileEncoding = 4; lastKnownFileType = sourcecode.c.h; path = "NMBServer+Auth.h"; sourceTree = "<group>"; };
		BEAC20C918A391C400BBC60E /* NMBServer+Client.h */ = {isa = PBXFileReference; fileEncoding = 4; lastKnownFileType = sourcecode.c.h; path = "NMBServer+Client.h"; sourceTree = "<group>"; };
		BEAC20CA18A391C400BBC60E /* NMBServer.h */ = {isa = PBXFileReference; fileEncoding = 4; lastKnownFileType = sourcecode.c.h; path = NMBServer.h; sourceTree = "<group>"; };
		BEAC20CB18A391C400BBC60E /* libNimbusBase.a */ = {isa = PBXFileReference; lastKnownFileType = archive.ar; path = libNimbusBase.a; sourceTree = "<group>"; };
		BEAC20CD18A391C400BBC60E /* NimbusBaseResources.bundle */ = {isa = PBXFileReference; lastKnownFileType = "wrapper.plug-in"; path = NimbusBaseResources.bundle; sourceTree = "<group>"; };
		BEB4406A18A4827A00CF839A /* NITBaseViewController.h */ = {isa = PBXFileReference; fileEncoding = 4; lastKnownFileType = sourcecode.c.h; path = NITBaseViewController.h; sourceTree = "<group>"; };
		BEB4406B18A4827A00CF839A /* NITBaseViewController.m */ = {isa = PBXFileReference; fileEncoding = 4; lastKnownFileType = sourcecode.c.objc; path = NITBaseViewController.m; sourceTree = "<group>"; };
		BEB4406D18A482DE00CF839A /* KVOUtilities.h */ = {isa = PBXFileReference; lastKnownFileType = sourcecode.c.h; path = KVOUtilities.h; sourceTree = "<group>"; };
		BEB4406E18A4832B00CF839A /* NMBServer+NIT.h */ = {isa = PBXFileReference; fileEncoding = 4; lastKnownFileType = sourcecode.c.h; path = "NMBServer+NIT.h"; sourceTree = "<group>"; };
		BEB4406F18A4832B00CF839A /* NMBServer+NIT.m */ = {isa = PBXFileReference; fileEncoding = 4; lastKnownFileType = sourcecode.c.objc; path = "NMBServer+NIT.m"; sourceTree = "<group>"; };
		BEB4407018A4832B00CF839A /* NITServerCell.h */ = {isa = PBXFileReference; fileEncoding = 4; lastKnownFileType = sourcecode.c.h; path = NITServerCell.h; sourceTree = "<group>"; };
		BEB4407118A4832B00CF839A /* NITServerCell.m */ = {isa = PBXFileReference; fileEncoding = 4; lastKnownFileType = sourcecode.c.objc; path = NITServerCell.m; sourceTree = "<group>"; };
		BEB4407218A4832B00CF839A /* NITServerViewController.h */ = {isa = PBXFileReference; fileEncoding = 4; lastKnownFileType = sourcecode.c.h; path = NITServerViewController.h; sourceTree = "<group>"; };
		BEB4407318A4832B00CF839A /* NITServerViewController.m */ = {isa = PBXFileReference; fileEncoding = 4; lastKnownFileType = sourcecode.c.objc; path = NITServerViewController.m; sourceTree = "<group>"; };
		BEB4407A18A4840800CF839A /* NITFolderViewController.h */ = {isa = PBXFileReference; fileEncoding = 4; lastKnownFileType = sourcecode.c.h; path = NITFolderViewController.h; sourceTree = "<group>"; };
		BEB4407B18A4840800CF839A /* NITFolderViewController.m */ = {isa = PBXFileReference; fileEncoding = 4; lastKnownFileType = sourcecode.c.objc; path = NITFolderViewController.m; sourceTree = "<group>"; };
		BEB4407C18A4840800CF839A /* NITFileViewController.h */ = {isa = PBXFileReference; fileEncoding = 4; lastKnownFileType = sourcecode.c.h; path = NITFileViewController.h; sourceTree = "<group>"; };
		BEB4407D18A4840800CF839A /* NITFileViewController.m */ = {isa = PBXFileReference; fileEncoding = 4; lastKnownFileType = sourcecode.c.objc; path = NITFileViewController.m; sourceTree = "<group>"; };
		BEB4407E18A4840800CF839A /* NITImageViewController.h */ = {isa = PBXFileReference; fileEncoding = 4; lastKnownFileType = sourcecode.c.h; path = NITImageViewController.h; sourceTree = "<group>"; };
		BEB4407F18A4840800CF839A /* NITImageViewController.m */ = {isa = PBXFileReference; fileEncoding = 4; lastKnownFileType = sourcecode.c.objc; path = NITImageViewController.m; sourceTree = "<group>"; };
		BEB4408318A4878100CF839A /* UIImagePickerController+Picker.h */ = {isa = PBXFileReference; fileEncoding = 4; lastKnownFileType = sourcecode.c.h; path = "UIImagePickerController+Picker.h"; sourceTree = "<group>"; };
		BEB4408418A4878100CF839A /* UIImagePickerController+Picker.m */ = {isa = PBXFileReference; fileEncoding = 4; lastKnownFileType = sourcecode.c.objc; path = "UIImagePickerController+Picker.m"; sourceTree = "<group>"; };
		BEB4408618A4888E00CF839A /* NITFileCell.h */ = {isa = PBXFileReference; fileEncoding = 4; lastKnownFileType = sourcecode.c.h; path = NITFileCell.h; sourceTree = "<group>"; };
		BEB4408718A4888E00CF839A /* NITFileCell.m */ = {isa = PBXFileReference; fileEncoding = 4; lastKnownFileType = sourcecode.c.objc; path = NITFileCell.m; sourceTree = "<group>"; };
		BEB4408918A48A9300CF839A /* UIView+AutoLayout.h */ = {isa = PBXFileReference; fileEncoding = 4; lastKnownFileType = sourcecode.c.h; path = "UIView+AutoLayout.h"; sourceTree = "<group>"; };
		BEB4408A18A48A9300CF839A /* UIView+AutoLayout.m */ = {isa = PBXFileReference; fileEncoding = 4; lastKnownFileType = sourcecode.c.objc; path = "UIView+AutoLayout.m"; sourceTree = "<group>"; };
		BEB4408D18A48C7700CF839A /* UITableView+Quick.h */ = {isa = PBXFileReference; fileEncoding = 4; lastKnownFileType = sourcecode.c.h; path = "UITableView+Quick.h"; sourceTree = "<group>"; };
		BEB4408E18A48C7700CF839A /* UITableView+Quick.m */ = {isa = PBXFileReference; fileEncoding = 4; lastKnownFileType = sourcecode.c.objc; path = "UITableView+Quick.m"; sourceTree = "<group>"; };
/* End PBXFileReference section */

/* Begin PBXFrameworksBuildPhase section */
		BEAC203318A385AE00BBC60E /* Frameworks */ = {
			isa = PBXFrameworksBuildPhase;
			buildActionMask = 2147483647;
			files = (
				BEAC209618A38B8A00BBC60E /* SystemConfiguration.framework in Frameworks */,
				BEAC209418A38B8000BBC60E /* Security.framework in Frameworks */,
				BEAC209218A38B7500BBC60E /* QuartzCore.framework in Frameworks */,
				BEAC209018A38B6900BBC60E /* MobileCoreServices.framework in Frameworks */,
				BEAC203C18A385AF00BBC60E /* CoreGraphics.framework in Frameworks */,
				BEAC204018A385AF00BBC60E /* CoreData.framework in Frameworks */,
				BEAC203E18A385AF00BBC60E /* UIKit.framework in Frameworks */,
				BEAC20CE18A391C400BBC60E /* libNimbusBase.a in Frameworks */,
				BEAC203A18A385AF00BBC60E /* Foundation.framework in Frameworks */,
			);
			runOnlyForDeploymentPostprocessing = 0;
		};
		BEAC205318A385AF00BBC60E /* Frameworks */ = {
			isa = PBXFrameworksBuildPhase;
			buildActionMask = 2147483647;
			files = (
				BEAC205818A385AF00BBC60E /* XCTest.framework in Frameworks */,
				BEAC205B18A385AF00BBC60E /* CoreData.framework in Frameworks */,
				BEAC205A18A385AF00BBC60E /* UIKit.framework in Frameworks */,
				BEAC205918A385AF00BBC60E /* Foundation.framework in Frameworks */,
			);
			runOnlyForDeploymentPostprocessing = 0;
		};
/* End PBXFrameworksBuildPhase section */

/* Begin PBXGroup section */
		BE21704E198629FE00D0A232 /* Resources */ = {
			isa = PBXGroup;
			children = (
				BE3F87AC19D2AAD9003F8B3B /* NimbusBase_iOS_Tutorial.entitlements */,
				BE21705319862B0F00D0A232 /* NimbusBase_iOS_Tutorial.xcdatamodeld */,
				BEAC205018A385AF00BBC60E /* Images.xcassets */,
			);
			name = Resources;
			sourceTree = "<group>";
		};
		BE21708D1986372700D0A232 /* Database */ = {
			isa = PBXGroup;
			children = (
				BE21708A1986372200D0A232 /* NMTPlaygroundImagePickerController.h */,
				BE21708B1986372200D0A232 /* NMTPlaygroundImagePickerController.m */,
			);
			name = Database;
			sourceTree = "<group>";
		};
		BE21708E1986377100D0A232 /* Playground */ = {
			isa = PBXGroup;
			children = (
				BE21708F1986377100D0A232 /* NCUAttributeViewCell.h */,
				BE2170901986377100D0A232 /* NCUAttributeViewCell.m */,
				BE2170911986377100D0A232 /* NCUController.h */,
				BE2170921986377100D0A232 /* NCUController.m */,
				BE2170931986377100D0A232 /* NCUEntityViewController.h */,
				BE2170941986377100D0A232 /* NCUEntityViewController.m */,
				BE2170951986377100D0A232 /* NCUModelViewController.h */,
				BE2170961986377100D0A232 /* NCUModelViewController.m */,
				BE2170971986377100D0A232 /* NCUObjectCreatorViewController.h */,
				BE2170981986377100D0A232 /* NCUObjectCreatorViewController.m */,
				BE2170991986377100D0A232 /* NCUObjectPickerViewController.h */,
				BE21709A1986377100D0A232 /* NCUObjectPickerViewController.m */,
				BE21709B1986377100D0A232 /* NCUObjectViewController.h */,
				BE21709C1986377100D0A232 /* NCUObjectViewController.m */,
				BE21709D1986377100D0A232 /* NSManagedObject+NCU.h */,
				BE21709E1986377100D0A232 /* NSManagedObject+NCU.m */,
				BE21709F1986377100D0A232 /* NSPropertyDescription+NCU.h */,
				BE2170A01986377100D0A232 /* NSPropertyDescription+NCU.m */,
			);
			path = Playground;
			sourceTree = "<group>";
		};
		BEAC202D18A385AE00BBC60E = {
			isa = PBXGroup;
			children = (
				BEAC204118A385AF00BBC60E /* NimbusBase_iOS_Tutorial */,
				BEAC205E18A385AF00BBC60E /* NimbusBase_iOS_TutorialTests */,
				BEAC207A18A38B5300BBC60E /* Venders */,
				BEAC203818A385AE00BBC60E /* Frameworks */,
				BEAC203718A385AE00BBC60E /* Products */,
			);
			sourceTree = "<group>";
		};
		BEAC203718A385AE00BBC60E /* Products */ = {
			isa = PBXGroup;
			children = (
				BEAC203618A385AE00BBC60E /* NimbusBase_iOS_Tutorial.app */,
				BEAC205618A385AF00BBC60E /* NimbusBase_iOS_TutorialTests.xctest */,
			);
			name = Products;
			sourceTree = "<group>";
		};
		BEAC203818A385AE00BBC60E /* Frameworks */ = {
			isa = PBXGroup;
			children = (
				BEAC209518A38B8A00BBC60E /* SystemConfiguration.framework */,
				BEAC209318A38B8000BBC60E /* Security.framework */,
				BEAC209118A38B7500BBC60E /* QuartzCore.framework */,
				BEAC208F18A38B6900BBC60E /* MobileCoreServices.framework */,
				BEAC203918A385AF00BBC60E /* Foundation.framework */,
				BEAC203B18A385AF00BBC60E /* CoreGraphics.framework */,
				BEAC203D18A385AF00BBC60E /* UIKit.framework */,
				BEAC203F18A385AF00BBC60E /* CoreData.framework */,
				BEAC205718A385AF00BBC60E /* XCTest.framework */,
			);
			name = Frameworks;
			sourceTree = "<group>";
		};
		BEAC204118A385AF00BBC60E /* NimbusBase_iOS_Tutorial */ = {
			isa = PBXGroup;
			children = (
				BEAC204A18A385AF00BBC60E /* NITAppDelegate.h */,
				BEAC204B18A385AF00BBC60E /* NITAppDelegate.m */,
				BEAC207918A38B2100BBC60E /* Classes */,
				BE21704E198629FE00D0A232 /* Resources */,
				BEAC204218A385AF00BBC60E /* Supporting Files */,
			);
			path = NimbusBase_iOS_Tutorial;
			sourceTree = "<group>";
		};
		BEAC204218A385AF00BBC60E /* Supporting Files */ = {
			isa = PBXGroup;
			children = (
				BEAC204318A385AF00BBC60E /* NimbusBase_iOS_Tutorial-Info.plist */,
				BEAC204418A385AF00BBC60E /* InfoPlist.strings */,
				BEAC204718A385AF00BBC60E /* main.m */,
				BEAC204918A385AF00BBC60E /* NimbusBase_iOS_Tutorial-Prefix.pch */,
			);
			name = "Supporting Files";
			sourceTree = "<group>";
		};
		BEAC205E18A385AF00BBC60E /* NimbusBase_iOS_TutorialTests */ = {
			isa = PBXGroup;
			children = (
				BEAC206418A385AF00BBC60E /* NimbusBase_iOS_TutorialTests.m */,
				BEAC205F18A385AF00BBC60E /* Supporting Files */,
			);
			path = NimbusBase_iOS_TutorialTests;
			sourceTree = "<group>";
		};
		BEAC205F18A385AF00BBC60E /* Supporting Files */ = {
			isa = PBXGroup;
			children = (
				BEAC206018A385AF00BBC60E /* NimbusBase_iOS_TutorialTests-Info.plist */,
				BEAC206118A385AF00BBC60E /* InfoPlist.strings */,
			);
			name = "Supporting Files";
			sourceTree = "<group>";
		};
		BEAC207918A38B2100BBC60E /* Classes */ = {
			isa = PBXGroup;
			children = (
				BEB4407818A4834700CF839A /* Base */,
				BEB4407718A4833B00CF839A /* Server */,
				BEB4407918A483FC00CF839A /* File */,
				BE21708D1986372700D0A232 /* Database */,
				BEB4408C18A48C5000CF839A /* Categories */,
			);
			path = Classes;
			sourceTree = "<group>";
		};
		BEAC207A18A38B5300BBC60E /* Venders */ = {
			isa = PBXGroup;
			children = (
				BE21708E1986377100D0A232 /* Playground */,
				BEAC20BC18A391C400BBC60E /* NimbusBase */,
			);
			path = Venders;
			sourceTree = "<group>";
		};
		BEAC20BC18A391C400BBC60E /* NimbusBase */ = {
			isa = PBXGroup;
			children = (
				BEAC20BD18A391C400BBC60E /* Headers */,
				BEAC20CB18A391C400BBC60E /* libNimbusBase.a */,
				BEAC20CC18A391C400BBC60E /* Resources */,
			);
			path = NimbusBase;
			sourceTree = "<group>";
		};
		BEAC20BD18A391C400BBC60E /* Headers */ = {
			isa = PBXGroup;
			children = (
				BE85B2BF19D1A0BC00CC49C7 /* NMBCallback.h */,
				BE85B2BB19D19EF800CC49C7 /* NMBFolderController.h */,
				BE85B2BC19D19EF800CC49C7 /* NMBModelMapper.h */,
				BE85B2BD19D19EF800CC49C7 /* NMBResponse.h */,
				BE85B2BE19D19EF800CC49C7 /* NSPersistentStoreCoordinator+NMB.h */,
				BE4ACF7619497B0900DF060B /* NMBSerializer.h */,
				BE4ACF7719497B0900DF060B /* NMBServer+Sync.h */,
				BEAC20BE18A391C400BBC60E /* NimbusBase.h */,
				BEAC20BF18A391C400BBC60E /* NMBase.h */,
				BEAC20C018A391C400BBC60E /* NMBConfigs.h */,
				BEAC20C218A391C400BBC60E /* NMBConstants.h */,
				BEAC20C318A391C400BBC60E /* NMBFile.h */,
				BEAC20C418A391C400BBC60E /* NMBFileForm.h */,
				BEAC20C518A391C400BBC60E /* NMBNotificationCenter.h */,
				BEAC20C718A391C400BBC60E /* NMBPromise.h */,
				BEAC20C818A391C400BBC60E /* NMBServer+Auth.h */,
				BEAC20C918A391C400BBC60E /* NMBServer+Client.h */,
				BEAC20CA18A391C400BBC60E /* NMBServer.h */,
			);
			path = Headers;
			sourceTree = "<group>";
		};
		BEAC20CC18A391C400BBC60E /* Resources */ = {
			isa = PBXGroup;
			children = (
				BEAC20CD18A391C400BBC60E /* NimbusBaseResources.bundle */,
			);
			path = Resources;
			sourceTree = "<group>";
		};
		BEB4407718A4833B00CF839A /* Server */ = {
			isa = PBXGroup;
			children = (
				BEB4407218A4832B00CF839A /* NITServerViewController.h */,
				BEB4407318A4832B00CF839A /* NITServerViewController.m */,
				BEB4407018A4832B00CF839A /* NITServerCell.h */,
				BEB4407118A4832B00CF839A /* NITServerCell.m */,
				BEB4406E18A4832B00CF839A /* NMBServer+NIT.h */,
				BEB4406F18A4832B00CF839A /* NMBServer+NIT.m */,
			);
			name = Server;
			sourceTree = "<group>";
		};
		BEB4407818A4834700CF839A /* Base */ = {
			isa = PBXGroup;
			children = (
				BEB4406A18A4827A00CF839A /* NITBaseViewController.h */,
				BEB4406B18A4827A00CF839A /* NITBaseViewController.m */,
			);
			name = Base;
			sourceTree = "<group>";
		};
		BEB4407918A483FC00CF839A /* File */ = {
			isa = PBXGroup;
			children = (
				BEB4407C18A4840800CF839A /* NITFileViewController.h */,
				BEB4407D18A4840800CF839A /* NITFileViewController.m */,
				BEB4407A18A4840800CF839A /* NITFolderViewController.h */,
				BEB4407B18A4840800CF839A /* NITFolderViewController.m */,
				BEB4407E18A4840800CF839A /* NITImageViewController.h */,
				BEB4407F18A4840800CF839A /* NITImageViewController.m */,
				BEB4408618A4888E00CF839A /* NITFileCell.h */,
				BEB4408718A4888E00CF839A /* NITFileCell.m */,
			);
			name = File;
			sourceTree = "<group>";
		};
		BEB4408C18A48C5000CF839A /* Categories */ = {
			isa = PBXGroup;
			children = (
				BEB4406D18A482DE00CF839A /* KVOUtilities.h */,
				BE3F87A919D29FB6003F8B3B /* NSUserDefaults+NIT.h */,
				BE3F87AA19D29FB6003F8B3B /* NSUserDefaults+NIT.m */,
				BEB4408318A4878100CF839A /* UIImagePickerController+Picker.h */,
				BEB4408418A4878100CF839A /* UIImagePickerController+Picker.m */,
				BEB4408918A48A9300CF839A /* UIView+AutoLayout.h */,
				BEB4408A18A48A9300CF839A /* UIView+AutoLayout.m */,
				BEB4408D18A48C7700CF839A /* UITableView+Quick.h */,
				BEB4408E18A48C7700CF839A /* UITableView+Quick.m */,
				BE3F87A619D29C27003F8B3B /* NSArray+Quick.h */,
				BE3F87A719D29C27003F8B3B /* NSArray+Quick.m */,
				BE3F87AD19D2B9EE003F8B3B /* UIAlertView+Quick.h */,
				BE3F87AE19D2B9EE003F8B3B /* UIAlertView+Quick.m */,
				BEA9FE8819D3FC2C0011C24C /* NSManagedObjectContext+Quick.h */,
				BEA9FE8919D3FC2C0011C24C /* NSManagedObjectContext+Quick.m */,
			);
			name = Categories;
			sourceTree = "<group>";
		};
/* End PBXGroup section */

/* Begin PBXNativeTarget section */
		BEAC203518A385AE00BBC60E /* NimbusBase_iOS_Tutorial */ = {
			isa = PBXNativeTarget;
			buildConfigurationList = BEAC206818A385AF00BBC60E /* Build configuration list for PBXNativeTarget "NimbusBase_iOS_Tutorial" */;
			buildPhases = (
				BEAC203218A385AE00BBC60E /* Sources */,
				BEAC203318A385AE00BBC60E /* Frameworks */,
				BEAC203418A385AE00BBC60E /* Resources */,
			);
			buildRules = (
			);
			dependencies = (
			);
			name = NimbusBase_iOS_Tutorial;
			productName = NimbusBase_iOS_Tutorial;
			productReference = BEAC203618A385AE00BBC60E /* NimbusBase_iOS_Tutorial.app */;
			productType = "com.apple.product-type.application";
		};
		BEAC205518A385AF00BBC60E /* NimbusBase_iOS_TutorialTests */ = {
			isa = PBXNativeTarget;
			buildConfigurationList = BEAC206B18A385AF00BBC60E /* Build configuration list for PBXNativeTarget "NimbusBase_iOS_TutorialTests" */;
			buildPhases = (
				BEAC205218A385AF00BBC60E /* Sources */,
				BEAC205318A385AF00BBC60E /* Frameworks */,
				BEAC205418A385AF00BBC60E /* Resources */,
			);
			buildRules = (
			);
			dependencies = (
				BEAC205D18A385AF00BBC60E /* PBXTargetDependency */,
			);
			name = NimbusBase_iOS_TutorialTests;
			productName = NimbusBase_iOS_TutorialTests;
			productReference = BEAC205618A385AF00BBC60E /* NimbusBase_iOS_TutorialTests.xctest */;
			productType = "com.apple.product-type.bundle.unit-test";
		};
/* End PBXNativeTarget section */

/* Begin PBXProject section */
		BEAC202E18A385AE00BBC60E /* Project object */ = {
			isa = PBXProject;
			attributes = {
				CLASSPREFIX = NIT;
				LastUpgradeCheck = 0510;
				ORGANIZATIONNAME = NimbusBase;
				TargetAttributes = {
					BEAC203518A385AE00BBC60E = {
						DevelopmentTeam = 76CN94MCCU;
						SystemCapabilities = {
							com.apple.iCloud = {
								enabled = 1;
							};
						};
					};
					BEAC205518A385AF00BBC60E = {
						TestTargetID = BEAC203518A385AE00BBC60E;
					};
				};
			};
			buildConfigurationList = BEAC203118A385AE00BBC60E /* Build configuration list for PBXProject "NimbusBase_iOS_Tutorial" */;
			compatibilityVersion = "Xcode 3.2";
			developmentRegion = English;
			hasScannedForEncodings = 0;
			knownRegions = (
				en,
			);
			mainGroup = BEAC202D18A385AE00BBC60E;
			productRefGroup = BEAC203718A385AE00BBC60E /* Products */;
			projectDirPath = "";
			projectRoot = "";
			targets = (
				BEAC203518A385AE00BBC60E /* NimbusBase_iOS_Tutorial */,
				BEAC205518A385AF00BBC60E /* NimbusBase_iOS_TutorialTests */,
			);
		};
/* End PBXProject section */

/* Begin PBXResourcesBuildPhase section */
		BEAC203418A385AE00BBC60E /* Resources */ = {
			isa = PBXResourcesBuildPhase;
			buildActionMask = 2147483647;
			files = (
				BEAC20CF18A391C400BBC60E /* NimbusBaseResources.bundle in Resources */,
				BEAC204618A385AF00BBC60E /* InfoPlist.strings in Resources */,
				BEAC205118A385AF00BBC60E /* Images.xcassets in Resources */,
			);
			runOnlyForDeploymentPostprocessing = 0;
		};
		BEAC205418A385AF00BBC60E /* Resources */ = {
			isa = PBXResourcesBuildPhase;
			buildActionMask = 2147483647;
			files = (
				BEAC206318A385AF00BBC60E /* InfoPlist.strings in Resources */,
			);
			runOnlyForDeploymentPostprocessing = 0;
		};
/* End PBXResourcesBuildPhase section */

/* Begin PBXSourcesBuildPhase section */
		BEAC203218A385AE00BBC60E /* Sources */ = {
			isa = PBXSourcesBuildPhase;
			buildActionMask = 2147483647;
			files = (
				BEB4408F18A48C7700CF839A /* UITableView+Quick.m in Sources */,
				BE2170A71986377100D0A232 /* NCUObjectViewController.m in Sources */,
				BEB4407418A4832B00CF839A /* NMBServer+NIT.m in Sources */,
				BEB4407618A4832B00CF839A /* NITServerViewController.m in Sources */,
				BE2170A51986377100D0A232 /* NCUObjectCreatorViewController.m in Sources */,
				BEB4408518A4878100CF839A /* UIImagePickerController+Picker.m in Sources */,
				BEB4408118A4840800CF839A /* NITFileViewController.m in Sources */,
				BE2170A11986377100D0A232 /* NCUAttributeViewCell.m in Sources */,
				BE2170A31986377100D0A232 /* NCUEntityViewController.m in Sources */,
				BE3F87AF19D2B9EE003F8B3B /* UIAlertView+Quick.m in Sources */,
				BE2170A61986377100D0A232 /* NCUObjectPickerViewController.m in Sources */,
				BEA9FE8A19D3FC2C0011C24C /* NSManagedObjectContext+Quick.m in Sources */,
				BEAC204C18A385AF00BBC60E /* NITAppDelegate.m in Sources */,
				BEB4408B18A48A9300CF839A /* UIView+AutoLayout.m in Sources */,
				BE2170A91986377100D0A232 /* NSPropertyDescription+NCU.m in Sources */,
				BEB4407518A4832B00CF839A /* NITServerCell.m in Sources */,
				BE21708C1986372200D0A232 /* NMTPlaygroundImagePickerController.m in Sources */,
				BEAC204818A385AF00BBC60E /* main.m in Sources */,
				BEB4408018A4840800CF839A /* NITFolderViewController.m in Sources */,
				BE2170A41986377100D0A232 /* NCUModelViewController.m in Sources */,
				BEB4408218A4840800CF839A /* NITImageViewController.m in Sources */,
				BE2170A21986377100D0A232 /* NCUController.m in Sources */,
				BEB4406C18A4827A00CF839A /* NITBaseViewController.m in Sources */,
				BE21705519862B0F00D0A232 /* NimbusBase_iOS_Tutorial.xcdatamodeld in Sources */,
				BE2170A81986377100D0A232 /* NSManagedObject+NCU.m in Sources */,
				BE3F87AB19D29FB6003F8B3B /* NSUserDefaults+NIT.m in Sources */,
				BE3F87A819D29C27003F8B3B /* NSArray+Quick.m in Sources */,
				BEB4408818A4888E00CF839A /* NITFileCell.m in Sources */,
			);
			runOnlyForDeploymentPostprocessing = 0;
		};
		BEAC205218A385AF00BBC60E /* Sources */ = {
			isa = PBXSourcesBuildPhase;
			buildActionMask = 2147483647;
			files = (
				BEAC206518A385AF00BBC60E /* NimbusBase_iOS_TutorialTests.m in Sources */,
			);
			runOnlyForDeploymentPostprocessing = 0;
		};
/* End PBXSourcesBuildPhase section */

/* Begin PBXTargetDependency section */
		BEAC205D18A385AF00BBC60E /* PBXTargetDependency */ = {
			isa = PBXTargetDependency;
			target = BEAC203518A385AE00BBC60E /* NimbusBase_iOS_Tutorial */;
			targetProxy = BEAC205C18A385AF00BBC60E /* PBXContainerItemProxy */;
		};
/* End PBXTargetDependency section */

/* Begin PBXVariantGroup section */
		BEAC204418A385AF00BBC60E /* InfoPlist.strings */ = {
			isa = PBXVariantGroup;
			children = (
				BEAC204518A385AF00BBC60E /* en */,
			);
			name = InfoPlist.strings;
			sourceTree = "<group>";
		};
		BEAC206118A385AF00BBC60E /* InfoPlist.strings */ = {
			isa = PBXVariantGroup;
			children = (
				BEAC206218A385AF00BBC60E /* en */,
			);
			name = InfoPlist.strings;
			sourceTree = "<group>";
		};
/* End PBXVariantGroup section */

/* Begin XCBuildConfiguration section */
		BEAC206618A385AF00BBC60E /* Debug */ = {
			isa = XCBuildConfiguration;
			buildSettings = {
				ALWAYS_SEARCH_USER_PATHS = NO;
				ARCHS = "$(ARCHS_STANDARD_32_BIT)";
				CLANG_CXX_LANGUAGE_STANDARD = "gnu++0x";
				CLANG_CXX_LIBRARY = "libc++";
				CLANG_ENABLE_MODULES = YES;
				CLANG_ENABLE_OBJC_ARC = YES;
				CLANG_WARN_BOOL_CONVERSION = YES;
				CLANG_WARN_CONSTANT_CONVERSION = YES;
				CLANG_WARN_DIRECT_OBJC_ISA_USAGE = YES_ERROR;
				CLANG_WARN_EMPTY_BODY = YES;
				CLANG_WARN_ENUM_CONVERSION = YES;
				CLANG_WARN_INT_CONVERSION = YES;
				CLANG_WARN_OBJC_ROOT_CLASS = YES_ERROR;
				CLANG_WARN__DUPLICATE_METHOD_MATCH = YES;
				"CODE_SIGN_IDENTITY[sdk=iphoneos*]" = "iPhone Developer";
				COPY_PHASE_STRIP = NO;
				GCC_C_LANGUAGE_STANDARD = gnu99;
				GCC_DYNAMIC_NO_PIC = NO;
				GCC_OPTIMIZATION_LEVEL = 0;
				GCC_PREPROCESSOR_DEFINITIONS = (
					"DEBUG=1",
					"$(inherited)",
				);
				GCC_SYMBOLS_PRIVATE_EXTERN = NO;
				GCC_WARN_64_TO_32_BIT_CONVERSION = YES;
				GCC_WARN_ABOUT_RETURN_TYPE = YES_ERROR;
				GCC_WARN_UNDECLARED_SELECTOR = YES;
				GCC_WARN_UNINITIALIZED_AUTOS = YES;
				GCC_WARN_UNUSED_FUNCTION = YES;
				GCC_WARN_UNUSED_VARIABLE = YES;
				IPHONEOS_DEPLOYMENT_TARGET = 7.0;
				ONLY_ACTIVE_ARCH = YES;
				SDKROOT = iphoneos;
			};
			name = Debug;
		};
		BEAC206718A385AF00BBC60E /* Release */ = {
			isa = XCBuildConfiguration;
			buildSettings = {
				ALWAYS_SEARCH_USER_PATHS = NO;
				ARCHS = "$(ARCHS_STANDARD_32_BIT)";
				CLANG_CXX_LANGUAGE_STANDARD = "gnu++0x";
				CLANG_CXX_LIBRARY = "libc++";
				CLANG_ENABLE_MODULES = YES;
				CLANG_ENABLE_OBJC_ARC = YES;
				CLANG_WARN_BOOL_CONVERSION = YES;
				CLANG_WARN_CONSTANT_CONVERSION = YES;
				CLANG_WARN_DIRECT_OBJC_ISA_USAGE = YES_ERROR;
				CLANG_WARN_EMPTY_BODY = YES;
				CLANG_WARN_ENUM_CONVERSION = YES;
				CLANG_WARN_INT_CONVERSION = YES;
				CLANG_WARN_OBJC_ROOT_CLASS = YES_ERROR;
				CLANG_WARN__DUPLICATE_METHOD_MATCH = YES;
				"CODE_SIGN_IDENTITY[sdk=iphoneos*]" = "iPhone Developer";
				COPY_PHASE_STRIP = YES;
				ENABLE_NS_ASSERTIONS = NO;
				GCC_C_LANGUAGE_STANDARD = gnu99;
				GCC_WARN_64_TO_32_BIT_CONVERSION = YES;
				GCC_WARN_ABOUT_RETURN_TYPE = YES_ERROR;
				GCC_WARN_UNDECLARED_SELECTOR = YES;
				GCC_WARN_UNINITIALIZED_AUTOS = YES;
				GCC_WARN_UNUSED_FUNCTION = YES;
				GCC_WARN_UNUSED_VARIABLE = YES;
				IPHONEOS_DEPLOYMENT_TARGET = 7.0;
				SDKROOT = iphoneos;
				VALIDATE_PRODUCT = YES;
			};
			name = Release;
		};
		BEAC206918A385AF00BBC60E /* Debug */ = {
			isa = XCBuildConfiguration;
			buildSettings = {
				ASSETCATALOG_COMPILER_APPICON_NAME = AppIcon;
				ASSETCATALOG_COMPILER_LAUNCHIMAGE_NAME = LaunchImage;
				CODE_SIGN_ENTITLEMENTS = NimbusBase_iOS_Tutorial/NimbusBase_iOS_Tutorial.entitlements;
				CODE_SIGN_IDENTITY = "iPhone Developer";
				"CODE_SIGN_IDENTITY[sdk=iphoneos*]" = "iPhone Developer";
				GCC_PRECOMPILE_PREFIX_HEADER = YES;
				GCC_PREFIX_HEADER = "NimbusBase_iOS_Tutorial/NimbusBase_iOS_Tutorial-Prefix.pch";
				INFOPLIST_FILE = "NimbusBase_iOS_Tutorial/NimbusBase_iOS_Tutorial-Info.plist";
				IPHONEOS_DEPLOYMENT_TARGET = 6.0;
				LIBRARY_SEARCH_PATHS = (
					"$(inherited)",
					"\"$(SRCROOT)/Venders/NimbusBase\"",
				);
				OTHER_LDFLAGS = (
					"-ObjC",
					"-all_load",
				);
				PRODUCT_NAME = "$(TARGET_NAME)";
				PROVISIONING_PROFILE = "";
				WRAPPER_EXTENSION = app;
			};
			name = Debug;
		};
		BEAC206A18A385AF00BBC60E /* Release */ = {
			isa = XCBuildConfiguration;
			buildSettings = {
				ASSETCATALOG_COMPILER_APPICON_NAME = AppIcon;
				ASSETCATALOG_COMPILER_LAUNCHIMAGE_NAME = LaunchImage;
				CODE_SIGN_ENTITLEMENTS = NimbusBase_iOS_Tutorial/NimbusBase_iOS_Tutorial.entitlements;
				CODE_SIGN_IDENTITY = "iPhone Developer";
				"CODE_SIGN_IDENTITY[sdk=iphoneos*]" = "iPhone Developer";
				GCC_PRECOMPILE_PREFIX_HEADER = YES;
				GCC_PREFIX_HEADER = "NimbusBase_iOS_Tutorial/NimbusBase_iOS_Tutorial-Prefix.pch";
				INFOPLIST_FILE = "NimbusBase_iOS_Tutorial/NimbusBase_iOS_Tutorial-Info.plist";
				IPHONEOS_DEPLOYMENT_TARGET = 6.0;
				LIBRARY_SEARCH_PATHS = (
					"$(inherited)",
					"\"$(SRCROOT)/Venders/NimbusBase\"",
				);
				OTHER_LDFLAGS = (
					"-ObjC",
					"-all_load",
				);
				PRODUCT_NAME = "$(TARGET_NAME)";
				PROVISIONING_PROFILE = "";
				WRAPPER_EXTENSION = app;
			};
			name = Release;
		};
		BEAC206C18A385AF00BBC60E /* Debug */ = {
			isa = XCBuildConfiguration;
			buildSettings = {
				ARCHS = "$(ARCHS_STANDARD_INCLUDING_64_BIT)";
				BUNDLE_LOADER = "$(BUILT_PRODUCTS_DIR)/NimbusBase_iOS_Tutorial.app/NimbusBase_iOS_Tutorial";
				FRAMEWORK_SEARCH_PATHS = (
					"$(SDKROOT)/Developer/Library/Frameworks",
					"$(inherited)",
					"$(DEVELOPER_FRAMEWORKS_DIR)",
				);
				GCC_PRECOMPILE_PREFIX_HEADER = YES;
				GCC_PREFIX_HEADER = "NimbusBase_iOS_Tutorial/NimbusBase_iOS_Tutorial-Prefix.pch";
				GCC_PREPROCESSOR_DEFINITIONS = (
					"DEBUG=1",
					"$(inherited)",
				);
				INFOPLIST_FILE = "NimbusBase_iOS_TutorialTests/NimbusBase_iOS_TutorialTests-Info.plist";
				PRODUCT_NAME = "$(TARGET_NAME)";
				TEST_HOST = "$(BUNDLE_LOADER)";
				WRAPPER_EXTENSION = xctest;
			};
			name = Debug;
		};
		BEAC206D18A385AF00BBC60E /* Release */ = {
			isa = XCBuildConfiguration;
			buildSettings = {
				ARCHS = "$(ARCHS_STANDARD_INCLUDING_64_BIT)";
				BUNDLE_LOADER = "$(BUILT_PRODUCTS_DIR)/NimbusBase_iOS_Tutorial.app/NimbusBase_iOS_Tutorial";
				FRAMEWORK_SEARCH_PATHS = (
					"$(SDKROOT)/Developer/Library/Frameworks",
					"$(inherited)",
					"$(DEVELOPER_FRAMEWORKS_DIR)",
				);
				GCC_PRECOMPILE_PREFIX_HEADER = YES;
				GCC_PREFIX_HEADER = "NimbusBase_iOS_Tutorial/NimbusBase_iOS_Tutorial-Prefix.pch";
				INFOPLIST_FILE = "NimbusBase_iOS_TutorialTests/NimbusBase_iOS_TutorialTests-Info.plist";
				PRODUCT_NAME = "$(TARGET_NAME)";
				TEST_HOST = "$(BUNDLE_LOADER)";
				WRAPPER_EXTENSION = xctest;
			};
			name = Release;
		};
/* End XCBuildConfiguration section */

/* Begin XCConfigurationList section */
		BEAC203118A385AE00BBC60E /* Build configuration list for PBXProject "NimbusBase_iOS_Tutorial" */ = {
			isa = XCConfigurationList;
			buildConfigurations = (
				BEAC206618A385AF00BBC60E /* Debug */,
				BEAC206718A385AF00BBC60E /* Release */,
			);
			defaultConfigurationIsVisible = 0;
			defaultConfigurationName = Release;
		};
		BEAC206818A385AF00BBC60E /* Build configuration list for PBXNativeTarget "NimbusBase_iOS_Tutorial" */ = {
			isa = XCConfigurationList;
			buildConfigurations = (
				BEAC206918A385AF00BBC60E /* Debug */,
				BEAC206A18A385AF00BBC60E /* Release */,
			);
			defaultConfigurationIsVisible = 0;
			defaultConfigurationName = Release;
		};
		BEAC206B18A385AF00BBC60E /* Build configuration list for PBXNativeTarget "NimbusBase_iOS_TutorialTests" */ = {
			isa = XCConfigurationList;
			buildConfigurations = (
				BEAC206C18A385AF00BBC60E /* Debug */,
				BEAC206D18A385AF00BBC60E /* Release */,
			);
			defaultConfigurationIsVisible = 0;
			defaultConfigurationName = Release;
		};
/* End XCConfigurationList section */

/* Begin XCVersionGroup section */
		BE21705319862B0F00D0A232 /* NimbusBase_iOS_Tutorial.xcdatamodeld */ = {
			isa = XCVersionGroup;
			children = (
				BE21705419862B0F00D0A232 /* NimbusTester.xcdatamodel */,
			);
			currentVersion = BE21705419862B0F00D0A232 /* NimbusTester.xcdatamodel */;
			path = NimbusBase_iOS_Tutorial.xcdatamodeld;
			sourceTree = "<group>";
			versionGroupType = wrapper.xcdatamodel;
		};
/* End XCVersionGroup section */
	};
	rootObject = BEAC202E18A385AE00BBC60E /* Project object */;
}
